
Microsoft Visual Studio Solution File, Format Version 12.00
# Visual Studio Version 16
VisualStudioVersion = 16.0.31729.503
MinimumVisualStudioVersion = 10.0.40219.1
Project("{9A19103F-16F7-4668-BE54-9A1E7A4F7556}") = "ApiVeiculo", "ApiVeiculo\ApiVeiculo.csproj", "{74F68CB1-2190-4953-90E1-62FCEB38DD22}"
EndProject
Project("{9A19103F-16F7-4668-BE54-9A1E7A4F7556}") = "Domain", "Domain\Domain.csproj", "{E1612188-9764-4B3B-9DB9-E7D84C88D685}"
EndProject
Project("{9A19103F-16F7-4668-BE54-9A1E7A4F7556}") = "Infrastructure", "Infrastructure\Infrastructure.csproj", "{38C648A2-E615-4F08-9125-CE06E73BE874}"
EndProject
Project("{9A19103F-16F7-4668-BE54-9A1E7A4F7556}") = "Service", "Service\Service.csproj", "{50860821-24FA-4A21-B641-EBB774C2B0DF}"
EndProject
Project("{FAE04EC0-301F-11D3-BF4B-00C04F79EFBC}") = "Ioc", "Ioc\Ioc.csproj", "{45F89C51-A6A2-4184-9D01-07D46CFC36C6}"
EndProject
Global
	GlobalSection(SolutionConfigurationPlatforms) = preSolution
		Debug|Any CPU = Debug|Any CPU
		Release|Any CPU = Release|Any CPU
	EndGlobalSection
	GlobalSection(ProjectConfigurationPlatforms) = postSolution
		{74F68CB1-2190-4953-90E1-62FCEB38DD22}.Debug|Any CPU.ActiveCfg = Debug|Any CPU
		{74F68CB1-2190-4953-90E1-62FCEB38DD22}.Debug|Any CPU.Build.0 = Debug|Any CPU
		{74F68CB1-2190-4953-90E1-62FCEB38DD22}.Release|Any CPU.ActiveCfg = Release|Any CPU
		{74F68CB1-2190-4953-90E1-62FCEB38DD22}.Release|Any CPU.Build.0 = Release|Any CPU
		{E1612188-9764-4B3B-9DB9-E7D84C88D685}.Debug|Any CPU.ActiveCfg = Debug|Any CPU
		{E1612188-9764-4B3B-9DB9-E7D84C88D685}.Debug|Any CPU.Build.0 = Debug|Any CPU
		{E1612188-9764-4B3B-9DB9-E7D84C88D685}.Release|Any CPU.ActiveCfg = Release|Any CPU
		{E1612188-9764-4B3B-9DB9-E7D84C88D685}.Release|Any CPU.Build.0 = Release|Any CPU
		{38C648A2-E615-4F08-9125-CE06E73BE874}.Debug|Any CPU.ActiveCfg = Debug|Any CPU
		{38C648A2-E615-4F08-9125-CE06E73BE874}.Debug|Any CPU.Build.0 = Debug|Any CPU
		{38C648A2-E615-4F08-9125-CE06E73BE874}.Release|Any CPU.ActiveCfg = Release|Any CPU
		{38C648A2-E615-4F08-9125-CE06E73BE874}.Release|Any CPU.Build.0 = Release|Any CPU
		{50860821-24FA-4A21-B641-EBB774C2B0DF}.Debug|Any CPU.ActiveCfg = Debug|Any CPU
		{50860821-24FA-4A21-B641-EBB774C2B0DF}.Debug|Any CPU.Build.0 = Debug|Any CPU
		{50860821-24FA-4A21-B641-EBB774C2B0DF}.Release|Any CPU.ActiveCfg = Release|Any CPU
		{50860821-24FA-4A21-B641-EBB774C2B0DF}.Release|Any CPU.Build.0 = Release|Any CPU
		{45F89C51-A6A2-4184-9D01-07D46CFC36C6}.Debug|Any CPU.ActiveCfg = Debug|Any CPU
		{45F89C51-A6A2-4184-9D01-07D46CFC36C6}.Debug|Any CPU.Build.0 = Debug|Any CPU
		{45F89C51-A6A2-4184-9D01-07D46CFC36C6}.Release|Any CPU.ActiveCfg = Release|Any CPU
		{45F89C51-A6A2-4184-9D01-07D46CFC36C6}.Release|Any CPU.Build.0 = Release|Any CPU
	EndGlobalSection
	GlobalSection(SolutionProperties) = preSolution
		HideSolutionNode = FALSE
	EndGlobalSection
	GlobalSection(ExtensibilityGlobals) = postSolution
		SolutionGuid = {C345494A-F392-45E2-A339-A3D120542083}
	EndGlobalSection
EndGlobal
